# This file is automatically @generated by Poetry 2.2.1 and should not be changed by hand.

[[package]]
name = "colorama"
version = "0.4.6"
description = "Cross-platform colored terminal text."
optional = false
python-versions = "!=3.0.*,!=3.1.*,!=3.2.*,!=3.3.*,!=3.4.*,!=3.5.*,!=3.6.*,>=2.7"
groups = ["dev"]
markers = "sys_platform == \"win32\""
files = [
    {file = "colorama-0.4.6-py2.py3-none-any.whl", hash = "sha256:4f1d9991f5acc0ca119f9d443620b77f9d6b33703e51011c16baf57afb285fc6"},
    {file = "colorama-0.4.6.tar.gz", hash = "sha256:08695f5cb7ed6e0531a20572697297273c47b8cae5a63ffc6d6ed5c201be6e44"},
]

[[package]]
name = "coverage"
version = "7.10.7"
description = "Code coverage measurement for Python"
optional = false
python-versions = ">=3.9"
groups = ["dev"]
files = [
    {file = "coverage-7.10.7-cp310-cp310-macosx_10_9_x86_64.whl", hash = "sha256:fc04cc7a3db33664e0c2d10eb8990ff6b3536f6842c9590ae8da4c614b9ed05a"},
    {file = "coverage-7.10.7-cp310-cp310-macosx_11_0_arm64.whl", hash = "sha256:e201e015644e207139f7e2351980feb7040e6f4b2c2978892f3e3789d1c125e5"},
    {file = "coverage-7.10.7-cp310-cp310-manylinux1_i686.manylinux_2_28_i686.manylinux_2_5_i686.whl", hash = "sha256:240af60539987ced2c399809bd34f7c78e8abe0736af91c3d7d0e795df633d17"},
    {file = "coverage-7.10.7-cp310-cp310-manylinux1_x86_64.manylinux_2_28_x86_64.manylinux_2_5_x86_64.whl", hash = "sha256:8421e088bc051361b01c4b3a50fd39a4b9133079a2229978d9d30511fd05231b"},
    {file = "coverage-7.10.7-cp310-cp310-manylinux2014_aarch64.manylinux_2_17_aarch64.manylinux_2_28_aarch64.whl", hash = "sha256:6be8ed3039ae7f7ac5ce058c308484787c86e8437e72b30bf5e88b8ea10f3c87"},
    {file = "coverage-7.10.7-cp310-cp310-manylinux_2_31_riscv64.manylinux_2_39_riscv64.whl", hash = "sha256:e28299d9f2e889e6d51b1f043f58d5f997c373cc12e6403b90df95b8b047c13e"},
    {file = "coverage-7.10.7-cp310-cp310-musllinux_1_2_aarch64.whl", hash = "sha256:c4e16bd7761c5e454f4efd36f345286d6f7c5fa111623c355691e2755cae3b9e"},
    {file = "coverage-7.10.7-cp310-cp310-musllinux_1_2_i686.whl", hash = "sha256:b1c81d0e5e160651879755c9c675b974276f135558cf4ba79fee7b8413a515df"},
    {file = "coverage-7.10.7-cp310-cp310-musllinux_1_2_riscv64.whl", hash = "sha256:606cc265adc9aaedcc84f1f064f0e8736bc45814f15a357e30fca7ecc01504e0"},
    {file = "coverage-7.10.7-cp310-cp310-musllinux_1_2_x86_64.whl", hash = "sha256:10b24412692df990dbc34f8fb1b6b13d236ace9dfdd68df5b28c2e39cafbba13"},
    {file = "coverage-7.10.7-cp310-cp310-win32.whl", hash = "sha256:b51dcd060f18c19290d9b8a9dd1e0181538df2ce0717f562fff6cf74d9fc0b5b"},
    {file = "coverage-7.10.7-cp310-cp310-win_amd64.whl", hash = "sha256:3a622ac801b17198020f09af3eaf45666b344a0d69fc2a6ffe2ea83aeef1d807"},
    {file = "coverage-7.10.7-cp311-cp311-macosx_10_9_x86_64.whl", hash = "sha256:a609f9c93113be646f44c2a0256d6ea375ad047005d7f57a5c15f614dc1b2f59"},
    {file = "coverage-7.10.7-cp311-cp311-macosx_11_0_arm64.whl", hash = "sha256:65646bb0359386e07639c367a22cf9b5bf6304e8630b565d0626e2bdf329227a"},
    {file = "coverage-7.10.7-cp311-cp311-manylinux1_i686.manylinux_2_28_i686.manylinux_2_5_i686.whl", hash = "sha256:5f33166f0dfcce728191f520bd2692914ec70fac2713f6bf3ce59c3deacb4699"},
    {file = "coverage-7.10.7-cp311-cp311-manylinux1_x86_64.manylinux_2_28_x86_64.manylinux_2_5_x86_64.whl", hash = "sha256:35f5e3f9e455bb17831876048355dca0f758b6df22f49258cb5a91da23ef437d"},
    {file = "coverage-7.10.7-cp311-cp311-manylinux2014_aarch64.manylinux_2_17_aarch64.manylinux_2_28_aarch64.whl", hash = "sha256:4da86b6d62a496e908ac2898243920c7992499c1712ff7c2b6d837cc69d9467e"},
    {file = "coverage-7.10.7-cp311-cp311-manylinux_2_31_riscv64.manylinux_2_39_riscv64.whl", hash = "sha256:6b8b09c1fad947c84bbbc95eca841350fad9cbfa5a2d7ca88ac9f8d836c92e23"},
    {file = "coverage-7.10.7-cp311-cp311-musllinux_1_2_aarch64.whl", hash = "sha256:4376538f36b533b46f8971d3a3e63464f2c7905c9800db97361c43a2b14792ab"},
    {file = "coverage-7.10.7-cp311-cp311-musllinux_1_2_i686.whl", hash = "sha256:121da30abb574f6ce6ae09840dae322bef734480ceafe410117627aa54f76d82"},
    {file = "coverage-7.10.7-cp311-cp311-musllinux_1_2_riscv64.whl", hash = "sha256:88127d40df529336a9836870436fc2751c339fbaed3a836d42c93f3e4bd1d0a2"},
    {file = "coverage-7.10.7-cp311-cp311-musllinux_1_2_x86_64.whl", hash = "sha256:ba58bbcd1b72f136080c0bccc2400d66cc6115f3f906c499013d065ac33a4b61"},
    {file = "coverage-7.10.7-cp311-cp311-win32.whl", hash = "sha256:972b9e3a4094b053a4e46832b4bc829fc8a8d347160eb39d03f1690316a99c14"},
    {file = "coverage-7.10.7-cp311-cp311-win_amd64.whl", hash = "sha256:a7b55a944a7f43892e28ad4bc0561dfd5f0d73e605d1aa5c3c976b52aea121d2"},
    {file = "coverage-7.10.7-cp311-cp311-win_arm64.whl", hash = "sha256:736f227fb490f03c6488f9b6d45855f8e0fd749c007f9303ad30efab0e73c05a"},
    {file = "coverage-7.10.7-cp312-cp312-macosx_10_13_x86_64.whl", hash = "sha256:7bb3b9ddb87ef7725056572368040c32775036472d5a033679d1fa6c8dc08417"},
    {file = "coverage-7.10.7-cp312-cp312-macosx_11_0_arm64.whl", hash = "sha256:18afb24843cbc175687225cab1138c95d262337f5473512010e46831aa0c2973"},
    {file = "coverage-7.10.7-cp312-cp312-manylinux1_i686.manylinux_2_28_i686.manylinux_2_5_i686.whl", hash = "sha256:399a0b6347bcd3822be369392932884b8216d0944049ae22925631a9b3d4ba4c"},
    {file = "coverage-7.10.7-cp312-cp312-manylinux1_x86_64.manylinux_2_28_x86_64.manylinux_2_5_x86_64.whl", hash = "sha256:314f2c326ded3f4b09be11bc282eb2fc861184bc95748ae67b360ac962770be7"},
    {file = "coverage-7.10.7-cp312-cp312-manylinux2014_aarch64.manylinux_2_17_aarch64.manylinux_2_28_aarch64.whl", hash = "sha256:c41e71c9cfb854789dee6fc51e46743a6d138b1803fab6cb860af43265b42ea6"},
    {file = "coverage-7.10.7-cp312-cp312-manylinux_2_31_riscv64.manylinux_2_39_riscv64.whl", hash = "sha256:bc01f57ca26269c2c706e838f6422e2a8788e41b3e3c65e2f41148212e57cd59"},
    {file = "coverage-7.10.7-cp312-cp312-musllinux_1_2_aarch64.whl", hash = "sha256:a6442c59a8ac8b85812ce33bc4d05bde3fb22321fa8294e2a5b487c3505f611b"},
    {file = "coverage-7.10.7-cp312-cp312-musllinux_1_2_i686.whl", hash = "sha256:78a384e49f46b80fb4c901d52d92abe098e78768ed829c673fbb53c498bef73a"},
    {file = "coverage-7.10.7-cp312-cp312-musllinux_1_2_riscv64.whl", hash = "sha256:5e1e9802121405ede4b0133aa4340ad8186a1d2526de5b7c3eca519db7bb89fb"},
    {file = "coverage-7.10.7-cp312-cp312-musllinux_1_2_x86_64.whl", hash = "sha256:d41213ea25a86f69efd1575073d34ea11aabe075604ddf3d148ecfec9e1e96a1"},
    {file = "coverage-7.10.7-cp312-cp312-win32.whl", hash = "sha256:77eb4c747061a6af8d0f7bdb31f1e108d172762ef579166ec84542f711d90256"},
    {file = "coverage-7.10.7-cp312-cp312-win_amd64.whl", hash = "sha256:f51328ffe987aecf6d09f3cd9d979face89a617eacdaea43e7b3080777f647ba"},
    {file = "coverage-7.10.7-cp312-cp312-win_arm64.whl", hash = "sha256:bda5e34f8a75721c96085903c6f2197dc398c20ffd98df33f866a9c8fd95f4bf"},
    {file = "coverage-7.10.7-cp313-cp313-macosx_10_13_x86_64.whl", hash = "sha256:981a651f543f2854abd3b5fcb3263aac581b18209be49863ba575de6edf4c14d"},
    {file = "coverage-7.10.7-cp313-cp313-macosx_11_0_arm64.whl", hash = "sha256:73ab1601f84dc804f7812dc297e93cd99381162da39c47040a827d4e8dafe63b"},
    {file = "coverage-7.10.7-cp313-cp313-manylinux1_i686.manylinux_2_28_i686.manylinux_2_5_i686.whl", hash = "sha256:a8b6f03672aa6734e700bbcd65ff050fd19cddfec4b031cc8cf1c6967de5a68e"},
    {file = "coverage-7.10.7-cp313-cp313-manylinux1_x86_64.manylinux_2_28_x86_64.manylinux_2_5_x86_64.whl", hash = "sha256:10b6ba00ab1132a0ce4428ff68cf50a25efd6840a42cdf4239c9b99aad83be8b"},
    {file = "coverage-7.10.7-cp313-cp313-manylinux2014_aarch64.manylinux_2_17_aarch64.manylinux_2_28_aarch64.whl", hash = "sha256:c79124f70465a150e89340de5963f936ee97097d2ef76c869708c4248c63ca49"},
    {file = "coverage-7.10.7-cp313-cp313-manylinux_2_31_riscv64.manylinux_2_39_riscv64.whl", hash = "sha256:69212fbccdbd5b0e39eac4067e20a4a5256609e209547d86f740d68ad4f04911"},
    {file = "coverage-7.10.7-cp313-cp313-musllinux_1_2_aarch64.whl", hash = "sha256:7ea7c6c9d0d286d04ed3541747e6597cbe4971f22648b68248f7ddcd329207f0"},
    {file = "coverage-7.10.7-cp313-cp313-musllinux_1_2_i686.whl", hash = "sha256:b9be91986841a75042b3e3243d0b3cb0b2434252b977baaf0cd56e960fe1e46f"},
    {file = "coverage-7.10.7-cp313-cp313-musllinux_1_2_riscv64.whl", hash = "sha256:b281d5eca50189325cfe1f365fafade89b14b4a78d9b40b05ddd1fc7d2a10a9c"},
    {file = "coverage-7.10.7-cp313-cp313-musllinux_1_2_x86_64.whl", hash = "sha256:99e4aa63097ab1118e75a848a28e40d68b08a5e19ce587891ab7fd04475e780f"},
    {file = "coverage-7.10.7-cp313-cp313-win32.whl", hash = "sha256:dc7c389dce432500273eaf48f410b37886be9208b2dd5710aaf7c57fd442c698"},
    {file = "coverage-7.10.7-cp313-cp313-win_amd64.whl", hash = "sha256:cac0fdca17b036af3881a9d2729a850b76553f3f716ccb0360ad4dbc06b3b843"},
    {file = "coverage-7.10.7-cp313-cp313-win_arm64.whl", hash = "sha256:4b6f236edf6e2f9ae8fcd1332da4e791c1b6ba0dc16a2dc94590ceccb482e546"},
    {file = "coverage-7.10.7-cp313-cp313t-macosx_10_13_x86_64.whl", hash = "sha256:a0ec07fd264d0745ee396b666d47cef20875f4ff2375d7c4f58235886cc1ef0c"},
    {file = "coverage-7.10.7-cp313-cp313t-macosx_11_0_arm64.whl", hash = "sha256:dd5e856ebb7bfb7672b0086846db5afb4567a7b9714b8a0ebafd211ec7ce6a15"},
    {file = "coverage-7.10.7-cp313-cp313t-manylinux1_i686.manylinux_2_28_i686.manylinux_2_5_i686.whl", hash = "sha256:f57b2a3c8353d3e04acf75b3fed57ba41f5c0646bbf1d10c7c282291c97936b4"},
    {file = "coverage-7.10.7-cp313-cp313t-manylinux1_x86_64.manylinux_2_28_x86_64.manylinux_2_5_x86_64.whl", hash = "sha256:1ef2319dd15a0b009667301a3f84452a4dc6fddfd06b0c5c53ea472d3989fbf0"},
    {file = "coverage-7.10.7-cp313-cp313t-manylinux2014_aarch64.manylinux_2_17_aarch64.manylinux_2_28_aarch64.whl", hash = "sha256:83082a57783239717ceb0ad584de3c69cf581b2a95ed6bf81ea66034f00401c0"},
    {file = "coverage-7.10.7-cp313-cp313t-manylinux_2_31_riscv64.manylinux_2_39_riscv64.whl", hash = "sha256:50aa94fb1fb9a397eaa19c0d5ec15a5edd03a47bf1a3a6111a16b36e190cff65"},
    {file = "coverage-7.10.7-cp313-cp313t-musllinux_1_2_aarch64.whl", hash = "sha256:2120043f147bebb41c85b97ac45dd173595ff14f2a584f2963891cbcc3091541"},
    {file = "coverage-7.10.7-cp313-cp313t-musllinux_1_2_i686.whl", hash = "sha256:2fafd773231dd0378fdba66d339f84904a8e57a262f583530f4f156ab83863e6"},
    {file = "coverage-7.10.7-cp313-cp313t-musllinux_1_2_riscv64.whl", hash = "sha256:0b944ee8459f515f28b851728ad224fa2d068f1513ef6b7ff1efafeb2185f999"},
    {file = "coverage-7.10.7-cp313-cp313t-musllinux_1_2_x86_64.whl", hash = "sha256:4b583b97ab2e3efe1b3e75248a9b333bd3f8b0b1b8e5b45578e05e5850dfb2c2"},
    {file = "coverage-7.10.7-cp313-cp313t-win32.whl", hash = "sha256:2a78cd46550081a7909b3329e2266204d584866e8d97b898cd7fb5ac8d888b1a"},
    {file = "coverage-7.10.7-cp313-cp313t-win_amd64.whl", hash = "sha256:33a5e6396ab684cb43dc7befa386258acb2d7fae7f67330ebb85ba4ea27938eb"},
    {file = "coverage-7.10.7-cp313-cp313t-win_arm64.whl", hash = "sha256:86b0e7308289ddde73d863b7683f596d8d21c7d8664ce1dee061d0bcf3fbb4bb"},
    {file = "coverage-7.10.7-cp314-cp314-macosx_10_13_x86_64.whl", hash = "sha256:b06f260b16ead11643a5a9f955bd4b5fd76c1a4c6796aeade8520095b75de520"},
    {file = "coverage-7.10.7-cp314-cp314-macosx_11_0_arm64.whl", hash = "sha256:212f8f2e0612778f09c55dd4872cb1f64a1f2b074393d139278ce902064d5b32"},
    {file = "coverage-7.10.7-cp314-cp314-manylinux1_i686.manylinux_2_28_i686.manylinux_2_5_i686.whl", hash = "sha256:3445258bcded7d4aa630ab8296dea4d3f15a255588dd535f980c193ab6b95f3f"},
    {file = "coverage-7.10.7-cp314-cp314-manylinux1_x86_64.manylinux_2_28_x86_64.manylinux_2_5_x86_64.whl", hash = "sha256:bb45474711ba385c46a0bfe696c695a929ae69ac636cda8f532be9e8c93d720a"},
    {file = "coverage-7.10.7-cp314-cp314-manylinux2014_aarch64.manylinux_2_17_aarch64.manylinux_2_28_aarch64.whl", hash = "sha256:813922f35bd800dca9994c5971883cbc0d291128a5de6b167c7aa697fcf59360"},
    {file = "coverage-7.10.7-cp314-cp314-manylinux_2_31_riscv64.manylinux_2_39_riscv64.whl", hash = "sha256:93c1b03552081b2a4423091d6fb3787265b8f86af404cff98d1b5342713bdd69"},
    {file = "coverage-7.10.7-cp314-cp314-musllinux_1_2_aarch64.whl", hash = "sha256:cc87dd1b6eaf0b848eebb1c86469b9f72a1891cb42ac7adcfbce75eadb13dd14"},
    {file = "coverage-7.10.7-cp314-cp314-musllinux_1_2_i686.whl", hash = "sha256:39508ffda4f343c35f3236fe8d1a6634a51f4581226a1262769d7f970e73bffe"},
    {file = "coverage-7.10.7-cp314-cp314-musllinux_1_2_riscv64.whl", hash = "sha256:925a1edf3d810537c5a3abe78ec5530160c5f9a26b1f4270b40e62cc79304a1e"},
    {file = "coverage-7.10.7-cp314-cp314-musllinux_1_2_x86_64.whl", hash = "sha256:2c8b9a0636f94c43cd3576811e05b89aa9bc2d0a85137affc544ae5cb0e4bfbd"},
    {file = "coverage-7.10.7-cp314-cp314-win32.whl", hash = "sha256:b7b8288eb7cdd268b0304632da8cb0bb93fadcfec2fe5712f7b9cc8f4d487be2"},
    {file = "coverage-7.10.7-cp314-cp314-win_amd64.whl", hash = "sha256:1ca6db7c8807fb9e755d0379ccc39017ce0a84dcd26d14b5a03b78563776f681"},
    {file = "coverage-7.10.7-cp314-cp314-win_arm64.whl", hash = "sha256:097c1591f5af4496226d5783d036bf6fd6cd0cbc132e071b33861de756efb880"},
    {file = "coverage-7.10.7-cp314-cp314t-macosx_10_13_x86_64.whl", hash = "sha256:a62c6ef0d50e6de320c270ff91d9dd0a05e7250cac2a800b7784bae474506e63"},
    {file = "coverage-7.10.7-cp314-cp314t-macosx_11_0_arm64.whl", hash = "sha256:9fa6e4dd51fe15d8738708a973470f67a855ca50002294852e9571cdbd9433f2"},
    {file = "coverage-7.10.7-cp314-cp314t-manylinux1_i686.manylinux_2_28_i686.manylinux_2_5_i686.whl", hash = "sha256:8fb190658865565c549b6b4706856d6a7b09302c797eb2cf8e7fe9dabb043f0d"},
    {file = "coverage-7.10.7-cp314-cp314t-manylinux1_x86_64.manylinux_2_28_x86_64.manylinux_2_5_x86_64.whl", hash = "sha256:affef7c76a9ef259187ef31599a9260330e0335a3011732c4b9effa01e1cd6e0"},
    {file = "coverage-7.10.7-cp314-cp314t-manylinux2014_aarch64.manylinux_2_17_aarch64.manylinux_2_28_aarch64.whl", hash = "sha256:6e16e07d85ca0cf8bafe5f5d23a0b850064e8e945d5677492b06bbe6f09cc699"},
    {file = "coverage-7.10.7-cp314-cp314t-manylinux_2_31_riscv64.manylinux_2_39_riscv64.whl", hash = "sha256:03ffc58aacdf65d2a82bbeb1ffe4d01ead4017a21bfd0454983b88ca73af94b9"},
    {file = "coverage-7.10.7-cp314-cp314t-musllinux_1_2_aarch64.whl", hash = "sha256:1b4fd784344d4e52647fd7857b2af5b3fbe6c239b0b5fa63e94eb67320770e0f"},
    {file = "coverage-7.10.7-cp314-cp314t-musllinux_1_2_i686.whl", hash = "sha256:0ebbaddb2c19b71912c6f2518e791aa8b9f054985a0769bdb3a53ebbc765c6a1"},
    {file = "coverage-7.10.7-cp314-cp314t-musllinux_1_2_riscv64.whl", hash = "sha256:a2d9a3b260cc1d1dbdb1c582e63ddcf5363426a1a68faa0f5da28d8ee3c722a0"},
    {file = "coverage-7.10.7-cp314-cp314t-musllinux_1_2_x86_64.whl", hash = "sha256:a3cc8638b2480865eaa3926d192e64ce6c51e3d29c849e09d5b4ad95efae5399"},
    {file = "coverage-7.10.7-cp314-cp314t-win32.whl", hash = "sha256:67f8c5cbcd3deb7a60b3345dffc89a961a484ed0af1f6f73de91705cc6e31235"},
    {file = "coverage-7.10.7-cp314-cp314t-win_amd64.whl", hash = "sha256:e1ed71194ef6dea7ed2d5cb5f7243d4bcd334bfb63e59878519be558078f848d"},
    {file = "coverage-7.10.7-cp314-cp314t-win_arm64.whl", hash = "sha256:7fe650342addd8524ca63d77b2362b02345e5f1a093266787d210c70a50b471a"},
    {file = "coverage-7.10.7-cp39-cp39-macosx_10_9_x86_64.whl", hash = "sha256:fff7b9c3f19957020cac546c70025331113d2e61537f6e2441bc7657913de7d3"},
    {file = "coverage-7.10.7-cp39-cp39-macosx_11_0_arm64.whl", hash = "sha256:bc91b314cef27742da486d6839b677b3f2793dfe52b51bbbb7cf736d5c29281c"},
    {file = "coverage-7.10.7-cp39-cp39-manylinux1_i686.manylinux_2_28_i686.manylinux_2_5_i686.whl", hash = "sha256:567f5c155eda8df1d3d439d40a45a6a5f029b429b06648235f1e7e51b522b396"},
    {file = "coverage-7.10.7-cp39-cp39-manylinux1_x86_64.manylinux_2_28_x86_64.manylinux_2_5_x86_64.whl", hash = "sha256:2af88deffcc8a4d5974cf2d502251bc3b2db8461f0b66d80a449c33757aa9f40"},
    {file = "coverage-7.10.7-cp39-cp39-manylinux2014_aarch64.manylinux_2_17_aarch64.manylinux_2_28_aarch64.whl", hash = "sha256:c7315339eae3b24c2d2fa1ed7d7a38654cba34a13ef19fbcb9425da46d3dc594"},
    {file = "coverage-7.10.7-cp39-cp39-manylinux_2_31_riscv64.manylinux_2_39_riscv64.whl", hash = "sha256:912e6ebc7a6e4adfdbb1aec371ad04c68854cd3bf3608b3514e7ff9062931d8a"},
    {file = "coverage-7.10.7-cp39-cp39-musllinux_1_2_aarch64.whl", hash = "sha256:f49a05acd3dfe1ce9715b657e28d138578bc40126760efb962322c56e9ca344b"},
    {file = "coverage-7.10.7-cp39-cp39-musllinux_1_2_i686.whl", hash = "sha256:cce2109b6219f22ece99db7644b9622f54a4e915dad65660ec435e89a3ea7cc3"},
    {file = "coverage-7.10.7-cp39-cp39-musllinux_1_2_riscv64.whl", hash = "sha256:f3c887f96407cea3916294046fc7dab611c2552beadbed4ea901cbc6a40cc7a0"},
    {file = "coverage-7.10.7-cp39-cp39-musllinux_1_2_x86_64.whl", hash = "sha256:635adb9a4507c9fd2ed65f39693fa31c9a3ee3a8e6dc64df033e8fdf52a7003f"},
    {file = "coverage-7.10.7-cp39-cp39-win32.whl", hash = "sha256:5a02d5a850e2979b0a014c412573953995174743a3f7fa4ea5a6e9a3c5617431"},
    {file = "coverage-7.10.7-cp39-cp39-win_amd64.whl", hash = "sha256:c134869d5ffe34547d14e174c866fd8fe2254918cc0a95e99052903bc1543e07"},
    {file = "coverage-7.10.7-py3-none-any.whl", hash = "sha256:f7941f6f2fe6dd6807a1208737b8a0cbcf1cc6d7b07d24998ad2d63590868260"},
    {file = "coverage-7.10.7.tar.gz", hash = "sha256:f4ab143ab113be368a3e9b795f9cd7906c5ef407d6173fe9675a902e1fffc239"},
]

[package.dependencies]
tomli = {version = "*", optional = true, markers = "python_full_version <= \"3.11.0a6\" and extra == \"toml\""}

[package.extras]
toml = ["tomli ; python_full_version <= \"3.11.0a6\""]

[[package]]
name = "exceptiongroup"
version = "1.3.0"
description = "Backport of PEP 654 (exception groups)"
optional = false
python-versions = ">=3.7"
groups = ["dev"]
markers = "python_version < \"3.11\""
files = [
    {file = "exceptiongroup-1.3.0-py3-none-any.whl", hash = "sha256:4d111e6e0c13d0644cad6ddaa7ed0261a0b36971f6d23e7ec9b4b9097da78a10"},
    {file = "exceptiongroup-1.3.0.tar.gz", hash = "sha256:b241f5885f560bc56a59ee63ca4c6a8bfa46ae4ad651af316d4e81817bb9fd88"},
]

[package.dependencies]
typing-extensions = {version = ">=4.6.0", markers = "python_version < \"3.13\""}

[package.extras]
test = ["pytest (>=6)"]

[[package]]
name = "iniconfig"
version = "2.1.0"
description = "brain-dead simple config-ini parsing"
optional = false
python-versions = ">=3.8"
groups = ["dev"]
files = [
    {file = "iniconfig-2.1.0-py3-none-any.whl", hash = "sha256:9deba5723312380e77435581c6bf4935c94cbfab9b1ed33ef8d238ea168eb760"},
    {file = "iniconfig-2.1.0.tar.gz", hash = "sha256:3abbd2e30b36733fee78f9c7f7308f2d0050e88f0087fd25c2645f63c773e1c7"},
]

[[package]]
name = "packaging"
version = "25.0"
description = "Core utilities for Python packages"
optional = false
python-versions = ">=3.8"
groups = ["dev"]
files = [
    {file = "packaging-25.0-py3-none-any.whl", hash = "sha256:29572ef2b1f17581046b3a2227d5c611fb25ec70ca1ba8554b24b0e69331a484"},
    {file = "packaging-25.0.tar.gz", hash = "sha256:d443872c98d677bf60f6a1f2f8c1cb748e8fe762d2bf9d3148b5599295b0fc4f"},
]

[[package]]
name = "pluggy"
version = "1.6.0"
description = "plugin and hook calling mechanisms for python"
optional = false
python-versions = ">=3.9"
groups = ["dev"]
files = [
    {file = "pluggy-1.6.0-py3-none-any.whl", hash = "sha256:e920276dd6813095e9377c0bc5566d94c932c33b27a3e3945d8389c374dd4746"},
    {file = "pluggy-1.6.0.tar.gz", hash = "sha256:7dcc130b76258d33b90f61b658791dede3486c3e6bfb003ee5c9bfb396dd22f3"},
]

[package.extras]
dev = ["pre-commit", "tox"]
testing = ["coverage", "pytest", "pytest-benchmark"]

[[package]]
name = "pygments"
version = "2.19.2"
description = "Pygments is a syntax highlighting package written in Python."
optional = false
python-versions = ">=3.8"
groups = ["dev"]
files = [
    {file = "pygments-2.19.2-py3-none-any.whl", hash = "sha256:86540386c03d588bb81d44bc3928634ff26449851e99741617ecb9037ee5ec0b"},
    {file = "pygments-2.19.2.tar.gz", hash = "sha256:636cb2477cec7f8952536970bc533bc43743542f70392ae026374600add5b887"},
]

[package.extras]
windows-terminal = ["colorama (>=0.4.6)"]

[[package]]
name = "pytest"
version = "8.4.2"
description = "pytest: simple powerful testing with Python"
optional = false
python-versions = ">=3.9"
groups = ["dev"]
files = [
    {file = "pytest-8.4.2-py3-none-any.whl", hash = "sha256:872f880de3fc3a5bdc88a11b39c9710c3497a547cfa9320bc3c5e62fbf272e79"},
    {file = "pytest-8.4.2.tar.gz", hash = "sha256:86c0d0b93306b961d58d62a4db4879f27fe25513d4b969df351abdddb3c30e01"},
]

[package.dependencies]
colorama = {version = ">=0.4", markers = "sys_platform == \"win32\""}
exceptiongroup = {version = ">=1", markers = "python_version < \"3.11\""}
iniconfig = ">=1"
packaging = ">=20"
pluggy = ">=1.5,<2"
pygments = ">=2.7.2"
tomli = {version = ">=1", markers = "python_version < \"3.11\""}

[package.extras]
dev = ["argcomplete", "attrs (>=19.2)", "hypothesis (>=3.56)", "mock", "requests", "setuptools", "xmlschema"]

[[package]]
name = "pytest-cov"
version = "6.3.0"
description = "Pytest plugin for measuring coverage."
optional = false
python-versions = ">=3.9"
groups = ["dev"]
files = [
    {file = "pytest_cov-6.3.0-py3-none-any.whl", hash = "sha256:440db28156d2468cafc0415b4f8e50856a0d11faefa38f30906048fe490f1749"},
    {file = "pytest_cov-6.3.0.tar.gz", hash = "sha256:35c580e7800f87ce892e687461166e1ac2bcb8fb9e13aea79032518d6e503ff2"},
]

[package.dependencies]
coverage = {version = ">=7.5", extras = ["toml"]}
pluggy = ">=1.2"
pytest = ">=6.2.5"

[package.extras]
testing = ["fields", "hunter", "process-tests", "pytest-xdist", "virtualenv"]

[[package]]
name = "pytest-mock"
version = "3.15.1"
description = "Thin-wrapper around the mock package for easier use with pytest"
optional = false
python-versions = ">=3.9"
groups = ["dev"]
files = [
    {file = "pytest_mock-3.15.1-py3-none-any.whl", hash = "sha256:0a25e2eb88fe5168d535041d09a4529a188176ae608a6d249ee65abc0949630d"},
    {file = "pytest_mock-3.15.1.tar.gz", hash = "sha256:1849a238f6f396da19762269de72cb1814ab44416fa73a8686deac10b0d87a0f"},
]

[package.dependencies]
pytest = ">=6.2.5"

[package.extras]
dev = ["pre-commit", "pytest-asyncio", "tox"]

[[package]]
name = "tomli"
version = "2.3.0"
description = "A lil' TOML parser"
optional = false
python-versions = ">=3.8"
groups = ["dev"]
markers = "python_full_version <= \"3.11.0a6\""
files = [
    {file = "tomli-2.3.0-cp311-cp311-macosx_10_9_x86_64.whl", hash = "sha256:88bd15eb972f3664f5ed4b57c1634a97153b4bac4479dcb6a495f41921eb7f45"},
    {file = "tomli-2.3.0-cp311-cp311-macosx_11_0_arm64.whl", hash = "sha256:883b1c0d6398a6a9d29b508c331fa56adbcdff647f6ace4dfca0f50e90dfd0ba"},
    {file = "tomli-2.3.0-cp311-cp311-manylinux2014_aarch64.manylinux_2_17_aarch64.manylinux_2_28_aarch64.whl", hash = "sha256:d1381caf13ab9f300e30dd8feadb3de072aeb86f1d34a8569453ff32a7dea4bf"},
    {file = "tomli-2.3.0-cp311-cp311-manylinux2014_x86_64.manylinux_2_17_x86_64.manylinux_2_28_x86_64.whl", hash = "sha256:a0e285d2649b78c0d9027570d4da3425bdb49830a6156121360b3f8511ea3441"},
    {file = "tomli-2.3.0-cp311-cp311-musllinux_1_2_aarch64.whl", hash = "sha256:0a154a9ae14bfcf5d8917a59b51ffd5a3ac1fd149b71b47a3a104ca4edcfa845"},
    {file = "tomli-2.3.0-cp311-cp311-musllinux_1_2_x86_64.whl", hash = "sha256:74bf8464ff93e413514fefd2be591c3b0b23231a77f901db1eb30d6f712fc42c"},
    {file = "tomli-2.3.0-cp311-cp311-win32.whl", hash = "sha256:00b5f5d95bbfc7d12f91ad8c593a1659b6387b43f054104cda404be6bda62456"},
    {file = "tomli-2.3.0-cp311-cp311-win_amd64.whl", hash = "sha256:4dc4ce8483a5d429ab602f111a93a6ab1ed425eae3122032db7e9acf449451be"},
    {file = "tomli-2.3.0-cp312-cp312-macosx_10_13_x86_64.whl", hash = "sha256:d7d86942e56ded512a594786a5ba0a5e521d02529b3826e7761a05138341a2ac"},
    {file = "tomli-2.3.0-cp312-cp312-macosx_11_0_arm64.whl", hash = "sha256:73ee0b47d4dad1c5e996e3cd33b8a76a50167ae5f96a2607cbe8cc773506ab22"},
    {file = "tomli-2.3.0-cp312-cp312-manylinux2014_aarch64.manylinux_2_17_aarch64.manylinux_2_28_aarch64.whl", hash = "sha256:792262b94d5d0a466afb5bc63c7daa9d75520110971ee269152083270998316f"},
    {file = "tomli-2.3.0-cp312-cp312-manylinux2014_x86_64.manylinux_2_17_x86_64.manylinux_2_28_x86_64.whl", hash = "sha256:4f195fe57ecceac95a66a75ac24d9d5fbc98ef0962e09b2eddec5d39375aae52"},
    {file = "tomli-2.3.0-cp312-cp312-musllinux_1_2_aarch64.whl", hash = "sha256:e31d432427dcbf4d86958c184b9bfd1e96b5b71f8eb17e6d02531f434fd335b8"},
    {file = "tomli-2.3.0-cp312-cp312-musllinux_1_2_x86_64.whl", hash = "sha256:7b0882799624980785240ab732537fcfc372601015c00f7fc367c55308c186f6"},
    {file = "tomli-2.3.0-cp312-cp312-win32.whl", hash = "sha256:ff72b71b5d10d22ecb084d345fc26f42b5143c5533db5e2eaba7d2d335358876"},
    {file = "tomli-2.3.0-cp312-cp312-win_amd64.whl", hash = "sha256:1cb4ed918939151a03f33d4242ccd0aa5f11b3547d0cf30f7c74a408a5b99878"},
    {file = "tomli-2.3.0-cp313-cp313-macosx_10_13_x86_64.whl", hash = "sha256:5192f562738228945d7b13d4930baffda67b69425a7f0da96d360b0a3888136b"},
    {file = "tomli-2.3.0-cp313-cp313-macosx_11_0_arm64.whl", hash = "sha256:be71c93a63d738597996be9528f4abe628d1adf5e6eb11607bc8fe1a510b5dae"},
    {file = "tomli-2.3.0-cp313-cp313-manylinux2014_aarch64.manylinux_2_17_aarch64.manylinux_2_28_aarch64.whl", hash = "sha256:c4665508bcbac83a31ff8ab08f424b665200c0e1e645d2bd9ab3d3e557b6185b"},
    {file = "tomli-2.3.0-cp313-cp313-manylinux2014_x86_64.manylinux_2_17_x86_64.manylinux_2_28_x86_64.whl", hash = "sha256:4021923f97266babc6ccab9f5068642a0095faa0a51a246a6a02fccbb3514eaf"},
    {file = "tomli-2.3.0-cp313-cp313-musllinux_1_2_aarch64.whl", hash = "sha256:a4ea38c40145a357d513bffad0ed869f13c1773716cf71ccaa83b0fa0cc4e42f"},
    {file = "tomli-2.3.0-cp313-cp313-musllinux_1_2_x86_64.whl", hash = "sha256:ad805ea85eda330dbad64c7ea7a4556259665bdf9d2672f5dccc740eb9d3ca05"},
    {file = "tomli-2.3.0-cp313-cp313-win32.whl", hash = "sha256:97d5eec30149fd3294270e889b4234023f2c69747e555a27bd708828353ab606"},
    {file = "tomli-2.3.0-cp313-cp313-win_amd64.whl", hash = "sha256:0c95ca56fbe89e065c6ead5b593ee64b84a26fca063b5d71a1122bf26e533999"},
    {file = "tomli-2.3.0-cp314-cp314-macosx_10_13_x86_64.whl", hash = "sha256:cebc6fe843e0733ee827a282aca4999b596241195f43b4cc371d64fc6639da9e"},
    {file = "tomli-2.3.0-cp314-cp314-macosx_11_0_arm64.whl", hash = "sha256:4c2ef0244c75aba9355561272009d934953817c49f47d768070c3c94355c2aa3"},
    {file = "tomli-2.3.0-cp314-cp314-manylinux2014_aarch64.manylinux_2_17_aarch64.manylinux_2_28_aarch64.whl", hash = "sha256:c22a8bf253bacc0cf11f35ad9808b6cb75ada2631c2d97c971122583b129afbc"},
    {file = "tomli-2.3.0-cp314-cp314-manylinux2014_x86_64.manylinux_2_17_x86_64.manylinux_2_28_x86_64.whl", hash = "sha256:0eea8cc5c5e9f89c9b90c4896a8deefc74f518db5927d0e0e8d4a80953d774d0"},
    {file = "tomli-2.3.0-cp314-cp314-musllinux_1_2_aarch64.whl", hash = "sha256:b74a0e59ec5d15127acdabd75ea17726ac4c5178ae51b85bfe39c4f8a278e879"},
    {file = "tomli-2.3.0-cp314-cp314-musllinux_1_2_x86_64.whl", hash = "sha256:b5870b50c9db823c595983571d1296a6ff3e1b88f734a4c8f6fc6188397de005"},
    {file = "tomli-2.3.0-cp314-cp314-win32.whl", hash = "sha256:feb0dacc61170ed7ab602d3d972a58f14ee3ee60494292d384649a3dc38ef463"},
    {file = "tomli-2.3.0-cp314-cp314-win_amd64.whl", hash = "sha256:b273fcbd7fc64dc3600c098e39136522650c49bca95df2d11cf3b626422392c8"},
    {file = "tomli-2.3.0-cp314-cp314t-macosx_10_13_x86_64.whl", hash = "sha256:940d56ee0410fa17ee1f12b817b37a4d4e4dc4d27340863cc67236c74f582e77"},
    {file = "tomli-2.3.0-cp314-cp314t-macosx_11_0_arm64.whl", hash = "sha256:f85209946d1fe94416debbb88d00eb92ce9cd5266775424ff81bc959e001acaf"},
    {file = "tomli-2.3.0-cp314-cp314t-manylinux2014_aarch64.manylinux_2_17_aarch64.manylinux_2_28_aarch64.whl", hash = "sha256:a56212bdcce682e56b0aaf79e869ba5d15a6163f88d5451cbde388d48b13f530"},
    {file = "tomli-2.3.0-cp314-cp314t-manylinux2014_x86_64.manylinux_2_17_x86_64.manylinux_2_28_x86_64.whl", hash = "sha256:c5f3ffd1e098dfc032d4d3af5c0ac64f6d286d98bc148698356847b80fa4de1b"},
    {file = "tomli-2.3.0-cp314-cp314t-musllinux_1_2_aarch64.whl", hash = "sha256:5e01decd096b1530d97d5d85cb4dff4af2d8347bd35686654a004f8dea20fc67"},
    {file = "tomli-2.3.0-cp314-cp314t-musllinux_1_2_x86_64.whl", hash = "sha256:8a35dd0e643bb2610f156cca8db95d213a90015c11fee76c946aa62b7ae7e02f"},
    {file = "tomli-2.3.0-cp314-cp314t-win32.whl", hash = "sha256:a1f7f282fe248311650081faafa5f4732bdbfef5d45fe3f2e702fbc6f2d496e0"},
    {file = "tomli-2.3.0-cp314-cp314t-win_amd64.whl", hash = "sha256:70a251f8d4ba2d9ac2542eecf008b3c8a9fc5c3f9f02c56a9d7952612be2fdba"},
    {file = "tomli-2.3.0-py3-none-any.whl", hash = "sha256:e95b1af3c5b07d9e643909b5abbec77cd9f1217e6d0bca72b0234736b9fb1f1b"},
    {file = "tomli-2.3.0.tar.gz", hash = "sha256:64be704a875d2a59753d80ee8a533c3fe183e3f06807ff7dc2232938ccb01549"},
]

[[package]]
name = "typing-extensions"
version = "4.15.0"
description = "Backported and Experimental Type Hints for Python 3.9+"
optional = false
python-versions = ">=3.9"
groups = ["dev"]
markers = "python_version < \"3.11\""
files = [
    {file = "typing_extensions-4.15.0-py3-none-any.whl", hash = "sha256:f0fa19c6845758ab08074a0cfa8b7aecb71c999ca73d62883bc25cc018c4e548"},
    {file = "typing_extensions-4.15.0.tar.gz", hash = "sha256:0cea48d173cc12fa28ecabc3b837ea3cf6f38c6d1136f85cbaaf598984861466"},
]

[metadata]
lock-version = "2.1"
python-versions = "^3.9"
content-hash = "cfd172713aa03002a4e374622797871308fcd24ba4aac0b94fb9751e12ecb1cb"
